
Microsoft Visual Studio Solution File, Format Version 12.00
# Visual Studio Version 16
VisualStudioVersion = 16.0.30804.86
MinimumVisualStudioVersion = 10.0.40219.1
Project("{FAE04EC0-301F-11D3-BF4B-00C04F79EFBC}") = "proje2", "proje2.csproj", "{FB315D31-77DF-41A2-B8F9-3C2D65255221}"
EndProject
Global
	GlobalSection(SolutionConfigurationPlatforms) = preSolution
		Debug|Any CPU = Debug|Any CPU
		Release|Any CPU = Release|Any CPU
	EndGlobalSection
	GlobalSection(ProjectConfigurationPlatforms) = postSolution
		{FB315D31-77DF-41A2-B8F9-3C2D65255221}.Debug|Any CPU.ActiveCfg = Debug|Any CPU
		{FB315D31-77DF-41A2-B8F9-3C2D65255221}.Debug|Any CPU.Build.0 = Debug|Any CPU
		{FB315D31-77DF-41A2-B8F9-3C2D65255221}.Release|Any CPU.ActiveCfg = Release|Any CPU
		{FB315D31-77DF-41A2-B8F9-3C2D65255221}.Release|Any CPU.Build.0 = Release|Any CPU
	EndGlobalSection
	GlobalSection(SolutionProperties) = preSolution
		HideSolutionNode = FALSE
	EndGlobalSection
	GlobalSection(ExtensibilityGlobals) = postSolution
		SolutionGuid = {5255D77A-6C34-4171-8F99-7C95CE77D424}
	EndGlobalSection
EndGlobal
