
Microsoft Visual Studio Solution File, Format Version 12.00
# Visual Studio Version 16
VisualStudioVersion = 16.0.31005.135
MinimumVisualStudioVersion = 10.0.40219.1
Project("{FAE04EC0-301F-11D3-BF4B-00C04F79EFBC}") = "proje6", "proje6.csproj", "{F0BA4C40-5E73-4C60-B765-2C934C67929B}"
EndProject
Global
	GlobalSection(SolutionConfigurationPlatforms) = preSolution
		Debug|Any CPU = Debug|Any CPU
		Release|Any CPU = Release|Any CPU
	EndGlobalSection
	GlobalSection(ProjectConfigurationPlatforms) = postSolution
		{F0BA4C40-5E73-4C60-B765-2C934C67929B}.Debug|Any CPU.ActiveCfg = Debug|Any CPU
		{F0BA4C40-5E73-4C60-B765-2C934C67929B}.Debug|Any CPU.Build.0 = Debug|Any CPU
		{F0BA4C40-5E73-4C60-B765-2C934C67929B}.Release|Any CPU.ActiveCfg = Release|Any CPU
		{F0BA4C40-5E73-4C60-B765-2C934C67929B}.Release|Any CPU.Build.0 = Release|Any CPU
	EndGlobalSection
	GlobalSection(SolutionProperties) = preSolution
		HideSolutionNode = FALSE
	EndGlobalSection
	GlobalSection(ExtensibilityGlobals) = postSolution
		SolutionGuid = {75AA5BAD-B1C6-4181-9C51-0322E00B9FC6}
	EndGlobalSection
EndGlobal
