
Microsoft Visual Studio Solution File, Format Version 12.00
# Visual Studio Version 16
VisualStudioVersion = 16.0.31005.135
MinimumVisualStudioVersion = 10.0.40219.1
Project("{FAE04EC0-301F-11D3-BF4B-00C04F79EFBC}") = "proje11", "proje11.csproj", "{9A6D30AB-6A20-4CEA-A71F-24A9E2ACD392}"
EndProject
Global
	GlobalSection(SolutionConfigurationPlatforms) = preSolution
		Debug|Any CPU = Debug|Any CPU
		Release|Any CPU = Release|Any CPU
	EndGlobalSection
	GlobalSection(ProjectConfigurationPlatforms) = postSolution
		{9A6D30AB-6A20-4CEA-A71F-24A9E2ACD392}.Debug|Any CPU.ActiveCfg = Debug|Any CPU
		{9A6D30AB-6A20-4CEA-A71F-24A9E2ACD392}.Debug|Any CPU.Build.0 = Debug|Any CPU
		{9A6D30AB-6A20-4CEA-A71F-24A9E2ACD392}.Release|Any CPU.ActiveCfg = Release|Any CPU
		{9A6D30AB-6A20-4CEA-A71F-24A9E2ACD392}.Release|Any CPU.Build.0 = Release|Any CPU
	EndGlobalSection
	GlobalSection(SolutionProperties) = preSolution
		HideSolutionNode = FALSE
	EndGlobalSection
	GlobalSection(ExtensibilityGlobals) = postSolution
		SolutionGuid = {E09B5F19-695E-4FF1-BAD0-B4ABD6E2B479}
	EndGlobalSection
EndGlobal
