
Microsoft Visual Studio Solution File, Format Version 12.00
# Visual Studio Version 16
VisualStudioVersion = 16.0.31005.135
MinimumVisualStudioVersion = 10.0.40219.1
Project("{FAE04EC0-301F-11D3-BF4B-00C04F79EFBC}") = "proje10", "proje10.csproj", "{7FA0CFFA-0115-4F40-BCBD-2400684FAD2B}"
EndProject
Global
	GlobalSection(SolutionConfigurationPlatforms) = preSolution
		Debug|Any CPU = Debug|Any CPU
		Release|Any CPU = Release|Any CPU
	EndGlobalSection
	GlobalSection(ProjectConfigurationPlatforms) = postSolution
		{7FA0CFFA-0115-4F40-BCBD-2400684FAD2B}.Debug|Any CPU.ActiveCfg = Debug|Any CPU
		{7FA0CFFA-0115-4F40-BCBD-2400684FAD2B}.Debug|Any CPU.Build.0 = Debug|Any CPU
		{7FA0CFFA-0115-4F40-BCBD-2400684FAD2B}.Release|Any CPU.ActiveCfg = Release|Any CPU
		{7FA0CFFA-0115-4F40-BCBD-2400684FAD2B}.Release|Any CPU.Build.0 = Release|Any CPU
	EndGlobalSection
	GlobalSection(SolutionProperties) = preSolution
		HideSolutionNode = FALSE
	EndGlobalSection
	GlobalSection(ExtensibilityGlobals) = postSolution
		SolutionGuid = {E69B6C86-586D-47DF-90F6-C07BBA4F6FFF}
	EndGlobalSection
EndGlobal
